
Microsoft Visual Studio Solution File, Format Version 12.00
# Visual Studio Version 17
VisualStudioVersion = 17.2.32519.379
MinimumVisualStudioVersion = 10.0.40219.1
Project("{FAE04EC0-301F-11D3-BF4B-00C04F79EFBC}") = "LexAn", "LexAn\LexAn.csproj", "{181865F0-D957-48D2-9BEF-65F0D23CACEC}"
EndProject
Global
	GlobalSection(SolutionConfigurationPlatforms) = preSolution
		Debug|Any CPU = Debug|Any CPU
		Release|Any CPU = Release|Any CPU
	EndGlobalSection
	GlobalSection(ProjectConfigurationPlatforms) = postSolution
		{181865F0-D957-48D2-9BEF-65F0D23CACEC}.Debug|Any CPU.ActiveCfg = Debug|Any CPU
		{181865F0-D957-48D2-9BEF-65F0D23CACEC}.Debug|Any CPU.Build.0 = Debug|Any CPU
		{181865F0-D957-48D2-9BEF-65F0D23CACEC}.Release|Any CPU.ActiveCfg = Release|Any CPU
		{181865F0-D957-48D2-9BEF-65F0D23CACEC}.Release|Any CPU.Build.0 = Release|Any CPU
	EndGlobalSection
	GlobalSection(SolutionProperties) = preSolution
		HideSolutionNode = FALSE
	EndGlobalSection
	GlobalSection(ExtensibilityGlobals) = postSolution
		SolutionGuid = {F50106DA-ED2B-4BFF-B26B-452FAEDD9D21}
	EndGlobalSection
EndGlobal
